// !$*UTF8*$!
{
	archiveVersion = 1;
	classes = {
	};
	objectVersion = 46;
	objects = {

/* Begin PBXBuildFile section */
		83A98FCC1C24CF0000E2E2A3 /* AppDelegate.swift in Sources */ = {isa = PBXBuildFile; fileRef = 83A98FCB1C24CF0000E2E2A3 /* AppDelegate.swift */; };
		83A98FCE1C24CF0000E2E2A3 /* ViewController.swift in Sources */ = {isa = PBXBuildFile; fileRef = 83A98FCD1C24CF0000E2E2A3 /* ViewController.swift */; };
		83A98FD11C24CF0000E2E2A3 /* Main.storyboard in Resources */ = {isa = PBXBuildFile; fileRef = 83A98FCF1C24CF0000E2E2A3 /* Main.storyboard */; };
		83A98FD41C24CF0000E2E2A3 /* Pokedex.xcdatamodeld in Sources */ = {isa = PBXBuildFile; fileRef = 83A98FD21C24CF0000E2E2A3 /* Pokedex.xcdatamodeld */; };
		83A98FD61C24CF0000E2E2A3 /* Assets.xcassets in Resources */ = {isa = PBXBuildFile; fileRef = 83A98FD51C24CF0000E2E2A3 /* Assets.xcassets */; };
		83A98FD91C24CF0000E2E2A3 /* LaunchScreen.storyboard in Resources */ = {isa = PBXBuildFile; fileRef = 83A98FD71C24CF0000E2E2A3 /* LaunchScreen.storyboard */; };
		83A98FE41C24CF0000E2E2A3 /* PokedexTests.swift in Sources */ = {isa = PBXBuildFile; fileRef = 83A98FE31C24CF0000E2E2A3 /* PokedexTests.swift */; };
		83A98FEF1C24CF0000E2E2A3 /* PokedexUITests.swift in Sources */ = {isa = PBXBuildFile; fileRef = 83A98FEE1C24CF0000E2E2A3 /* PokedexUITests.swift */; };
/* End PBXBuildFile section */

/* Begin PBXContainerItemProxy section */
		83A98FE01C24CF0000E2E2A3 /* PBXContainerItemProxy */ = {
			isa = PBXContainerItemProxy;
			containerPortal = 83A98FC01C24CF0000E2E2A3 /* Project object */;
			proxyType = 1;
			remoteGlobalIDString = 83A98FC71C24CF0000E2E2A3;
			remoteInfo = Pokedex;
		};
		83A98FEB1C24CF0000E2E2A3 /* PBXContainerItemProxy */ = {
			isa = PBXContainerItemProxy;
			containerPortal = 83A98FC01C24CF0000E2E2A3 /* Project object */;
			proxyType = 1;
			remoteGlobalIDString = 83A98FC71C24CF0000E2E2A3;
			remoteInfo = Pokedex;
		};
/* End PBXContainerItemProxy section */

/* Begin PBXFileReference section */
		83A98FC81C24CF0000E2E2A3 /* Pokedex.app */ = {isa = PBXFileReference; explicitFileType = wrapper.application; includeInIndex = 0; path = Pokedex.app; sourceTree = BUILT_PRODUCTS_DIR; };
		83A98FCB1C24CF0000E2E2A3 /* AppDelegate.swift */ = {isa = PBXFileReference; lastKnownFileType = sourcecode.swift; path = AppDelegate.swift; sourceTree = "<group>"; };
		83A98FCD1C24CF0000E2E2A3 /* ViewController.swift */ = {isa = PBXFileReference; lastKnownFileType = sourcecode.swift; path = ViewController.swift; sourceTree = "<group>"; };
		83A98FD01C24CF0000E2E2A3 /* Base */ = {isa = PBXFileReference; lastKnownFileType = file.storyboard; name = Base; path = Base.lproj/Main.storyboard; sourceTree = "<group>"; };
		83A98FD31C24CF0000E2E2A3 /* Pokedex.xcdatamodel */ = {isa = PBXFileReference; lastKnownFileType = wrapper.xcdatamodel; path = Pokedex.xcdatamodel; sourceTree = "<group>"; };
		83A98FD51C24CF0000E2E2A3 /* Assets.xcassets */ = {isa = PBXFileReference; lastKnownFileType = folder.assetcatalog; path = Assets.xcassets; sourceTree = "<group>"; };
		83A98FD81C24CF0000E2E2A3 /* Base */ = {isa = PBXFileReference; lastKnownFileType = file.storyboard; name = Base; path = Base.lproj/LaunchScreen.storyboard; sourceTree = "<group>"; };
		83A98FDA1C24CF0000E2E2A3 /* Info.plist */ = {isa = PBXFileReference; lastKnownFileType = text.plist.xml; path = Info.plist; sourceTree = "<group>"; };
		83A98FDF1C24CF0000E2E2A3 /* PokedexTests.xctest */ = {isa = PBXFileReference; explicitFileType = wrapper.cfbundle; includeInIndex = 0; path = PokedexTests.xctest; sourceTree = BUILT_PRODUCTS_DIR; };
		83A98FE31C24CF0000E2E2A3 /* PokedexTests.swift */ = {isa = PBXFileReference; lastKnownFileType = sourcecode.swift; path = PokedexTests.swift; sourceTree = "<group>"; };
		83A98FE51C24CF0000E2E2A3 /* Info.plist */ = {isa = PBXFileReference; lastKnownFileType = text.plist.xml; path = Info.plist; sourceTree = "<group>"; };
		83A98FEA1C24CF0000E2E2A3 /* PokedexUITests.xctest */ = {isa = PBXFileReference; explicitFileType = wrapper.cfbundle; includeInIndex = 0; path = PokedexUITests.xctest; sourceTree = BUILT_PRODUCTS_DIR; };
		83A98FEE1C24CF0000E2E2A3 /* PokedexUITests.swift */ = {isa = PBXFileReference; lastKnownFileType = sourcecode.swift; path = PokedexUITests.swift; sourceTree = "<group>"; };
		83A98FF01C24CF0000E2E2A3 /* Info.plist */ = {isa = PBXFileReference; lastKnownFileType = text.plist.xml; path = Info.plist; sourceTree = "<group>"; };
/* End PBXFileReference section */

/* Begin PBXFrameworksBuildPhase section */
		83A98FC51C24CF0000E2E2A3 /* Frameworks */ = {
			isa = PBXFrameworksBuildPhase;
			buildActionMask = 2147483647;
			files = (
			);
			runOnlyForDeploymentPostprocessing = 0;
		};
		83A98FDC1C24CF0000E2E2A3 /* Frameworks */ = {
			isa = PBXFrameworksBuildPhase;
			buildActionMask = 2147483647;
			files = (
			);
			runOnlyForDeploymentPostprocessing = 0;
		};
		83A98FE71C24CF0000E2E2A3 /* Frameworks */ = {
			isa = PBXFrameworksBuildPhase;
			buildActionMask = 2147483647;
			files = (
			);
			runOnlyForDeploymentPostprocessing = 0;
		};
/* End PBXFrameworksBuildPhase section */

/* Begin PBXGroup section */
		83A98FBF1C24CF0000E2E2A3 = {
			isa = PBXGroup;
			children = (
				83A98FCA1C24CF0000E2E2A3 /* Pokedex */,
				83A98FE21C24CF0000E2E2A3 /* PokedexTests */,
				83A98FED1C24CF0000E2E2A3 /* PokedexUITests */,
				83A98FC91C24CF0000E2E2A3 /* Products */,
			);
			sourceTree = "<group>";
		};
		83A98FC91C24CF0000E2E2A3 /* Products */ = {
			isa = PBXGroup;
			children = (
				83A98FC81C24CF0000E2E2A3 /* Pokedex.app */,
				83A98FDF1C24CF0000E2E2A3 /* PokedexTests.xctest */,
				83A98FEA1C24CF0000E2E2A3 /* PokedexUITests.xctest */,
			);
			name = Products;
			sourceTree = "<group>";
		};
		83A98FCA1C24CF0000E2E2A3 /* Pokedex */ = {
			isa = PBXGroup;
			children = (
				83A98FCB1C24CF0000E2E2A3 /* AppDelegate.swift */,
				83A98FCD1C24CF0000E2E2A3 /* ViewController.swift */,
				83A98FCF1C24CF0000E2E2A3 /* Main.storyboard */,
				83A98FD51C24CF0000E2E2A3 /* Assets.xcassets */,
				83A98FD71C24CF0000E2E2A3 /* LaunchScreen.storyboard */,
				83A98FDA1C24CF0000E2E2A3 /* Info.plist */,
				83A98FD21C24CF0000E2E2A3 /* Pokedex.xcdatamodeld */,
			);
			path = Pokedex;
			sourceTree = "<group>";
		};
		83A98FE21C24CF0000E2E2A3 /* PokedexTests */ = {
			isa = PBXGroup;
			children = (
				83A98FE31C24CF0000E2E2A3 /* PokedexTests.swift */,
				83A98FE51C24CF0000E2E2A3 /* Info.plist */,
			);
			path = PokedexTests;
			sourceTree = "<group>";
		};
		83A98FED1C24CF0000E2E2A3 /* PokedexUITests */ = {
			isa = PBXGroup;
			children = (
				83A98FEE1C24CF0000E2E2A3 /* PokedexUITests.swift */,
				83A98FF01C24CF0000E2E2A3 /* Info.plist */,
			);
			path = PokedexUITests;
			sourceTree = "<group>";
		};
/* End PBXGroup section */

/* Begin PBXNativeTarget section */
		83A98FC71C24CF0000E2E2A3 /* Pokedex */ = {
			isa = PBXNativeTarget;
			buildConfigurationList = 83A98FF31C24CF0000E2E2A3 /* Build configuration list for PBXNativeTarget "Pokedex" */;
			buildPhases = (
				83A98FC41C24CF0000E2E2A3 /* Sources */,
				83A98FC51C24CF0000E2E2A3 /* Frameworks */,
				83A98FC61C24CF0000E2E2A3 /* Resources */,
			);
			buildRules = (
			);
			dependencies = (
			);
			name = Pokedex;
			productName = Pokedex;
			productReference = 83A98FC81C24CF0000E2E2A3 /* Pokedex.app */;
			productType = "com.apple.product-type.application";
		};
		83A98FDE1C24CF0000E2E2A3 /* PokedexTests */ = {
			isa = PBXNativeTarget;
			buildConfigurationList = 83A98FF61C24CF0000E2E2A3 /* Build configuration list for PBXNativeTarget "PokedexTests" */;
			buildPhases = (
				83A98FDB1C24CF0000E2E2A3 /* Sources */,
				83A98FDC1C24CF0000E2E2A3 /* Frameworks */,
				83A98FDD1C24CF0000E2E2A3 /* Resources */,
			);
			buildRules = (
			);
			dependencies = (
				83A98FE11C24CF0000E2E2A3 /* PBXTargetDependency */,
			);
			name = PokedexTests;
			productName = PokedexTests;
			productReference = 83A98FDF1C24CF0000E2E2A3 /* PokedexTests.xctest */;
			productType = "com.apple.product-type.bundle.unit-test";
		};
		83A98FE91C24CF0000E2E2A3 /* PokedexUITests */ = {
			isa = PBXNativeTarget;
			buildConfigurationList = 83A98FF91C24CF0000E2E2A3 /* Build configuration list for PBXNativeTarget "PokedexUITests" */;
			buildPhases = (
				83A98FE61C24CF0000E2E2A3 /* Sources */,
				83A98FE71C24CF0000E2E2A3 /* Frameworks */,
				83A98FE81C24CF0000E2E2A3 /* Resources */,
			);
			buildRules = (
			);
			dependencies = (
				83A98FEC1C24CF0000E2E2A3 /* PBXTargetDependency */,
			);
			name = PokedexUITests;
			productName = PokedexUITests;
			productReference = 83A98FEA1C24CF0000E2E2A3 /* PokedexUITests.xctest */;
			productType = "com.apple.product-type.bundle.ui-testing";
		};
/* End PBXNativeTarget section */

/* Begin PBXProject section */
		83A98FC01C24CF0000E2E2A3 /* Project object */ = {
			isa = PBXProject;
			attributes = {
				LastSwiftUpdateCheck = 0720;
				LastUpgradeCheck = 0720;
				ORGANIZATIONNAME = "Chris Harrison";
				TargetAttributes = {
					83A98FC71C24CF0000E2E2A3 = {
						CreatedOnToolsVersion = 7.2;
					};
					83A98FDE1C24CF0000E2E2A3 = {
						CreatedOnToolsVersion = 7.2;
						TestTargetID = 83A98FC71C24CF0000E2E2A3;
					};
					83A98FE91C24CF0000E2E2A3 = {
						CreatedOnToolsVersion = 7.2;
						TestTargetID = 83A98FC71C24CF0000E2E2A3;
					};
				};
			};
			buildConfigurationList = 83A98FC31C24CF0000E2E2A3 /* Build configuration list for PBXProject "Pokedex" */;
			compatibilityVersion = "Xcode 3.2";
			developmentRegion = English;
			hasScannedForEncodings = 0;
			knownRegions = (
				en,
				Base,
			);
			mainGroup = 83A98FBF1C24CF0000E2E2A3;
			productRefGroup = 83A98FC91C24CF0000E2E2A3 /* Products */;
			projectDirPath = "";
			projectRoot = "";
			targets = (
				83A98FC71C24CF0000E2E2A3 /* Pokedex */,
				83A98FDE1C24CF0000E2E2A3 /* PokedexTests */,
				83A98FE91C24CF0000E2E2A3 /* PokedexUITests */,
			);
		};
/* End PBXProject section */

/* Begin PBXResourcesBuildPhase section */
		83A98FC61C24CF0000E2E2A3 /* Resources */ = {
			isa = PBXResourcesBuildPhase;
			buildActionMask = 2147483647;
			files = (
				83A98FD91C24CF0000E2E2A3 /* LaunchScreen.storyboard in Resources */,
				83A98FD61C24CF0000E2E2A3 /* Assets.xcassets in Resources */,
				83A98FD11C24CF0000E2E2A3 /* Main.storyboard in Resources */,
			);
			runOnlyForDeploymentPostprocessing = 0;
		};
		83A98FDD1C24CF0000E2E2A3 /* Resources */ = {
			isa = PBXResourcesBuildPhase;
			buildActionMask = 2147483647;
			files = (
			);
			runOnlyForDeploymentPostprocessing = 0;
		};
		83A98FE81C24CF0000E2E2A3 /* Resources */ = {
			isa = PBXResourcesBuildPhase;
			buildActionMask = 2147483647;
			files = (
			);
			runOnlyForDeploymentPostprocessing = 0;
		};
/* End PBXResourcesBuildPhase section */

/* Begin PBXSourcesBuildPhase section */
		83A98FC41C24CF0000E2E2A3 /* Sources */ = {
			isa = PBXSourcesBuildPhase;
			buildActionMask = 2147483647;
			files = (
				83A98FCE1C24CF0000E2E2A3 /* ViewController.swift in Sources */,
				83A98FD41C24CF0000E2E2A3 /* Pokedex.xcdatamodeld in Sources */,
				83A98FCC1C24CF0000E2E2A3 /* AppDelegate.swift in Sources */,
			);
			runOnlyForDeploymentPostprocessing = 0;
		};
		83A98FDB1C24CF0000E2E2A3 /* Sources */ = {
			isa = PBXSourcesBuildPhase;
			buildActionMask = 2147483647;
			files = (
				83A98FE41C24CF0000E2E2A3 /* PokedexTests.swift in Sources */,
			);
			runOnlyForDeploymentPostprocessing = 0;
		};
		83A98FE61C24CF0000E2E2A3 /* Sources */ = {
			isa = PBXSourcesBuildPhase;
			buildActionMask = 2147483647;
			files = (
				83A98FEF1C24CF0000E2E2A3 /* PokedexUITests.swift in Sources */,
			);
			runOnlyForDeploymentPostprocessing = 0;
		};
/* End PBXSourcesBuildPhase section */

/* Begin PBXTargetDependency section */
		83A98FE11C24CF0000E2E2A3 /* PBXTargetDependency */ = {
			isa = PBXTargetDependency;
			target = 83A98FC71C24CF0000E2E2A3 /* Pokedex */;
			targetProxy = 83A98FE01C24CF0000E2E2A3 /* PBXContainerItemProxy */;
		};
		83A98FEC1C24CF0000E2E2A3 /* PBXTargetDependency */ = {
			isa = PBXTargetDependency;
			target = 83A98FC71C24CF0000E2E2A3 /* Pokedex */;
			targetProxy = 83A98FEB1C24CF0000E2E2A3 /* PBXContainerItemProxy */;
		};
/* End PBXTargetDependency section */

/* Begin PBXVariantGroup section */
		83A98FCF1C24CF0000E2E2A3 /* Main.storyboard */ = {
			isa = PBXVariantGroup;
			children = (
				83A98FD01C24CF0000E2E2A3 /* Base */,
			);
			name = Main.storyboard;
			sourceTree = "<group>";
		};
		83A98FD71C24CF0000E2E2A3 /* LaunchScreen.storyboard */ = {
			isa = PBXVariantGroup;
			children = (
				83A98FD81C24CF0000E2E2A3 /* Base */,
			);
			name = LaunchScreen.storyboard;
			sourceTree = "<group>";
		};
/* End PBXVariantGroup section */

/* Begin XCBuildConfiguration section */
		83A98FF11C24CF0000E2E2A3 /* Debug */ = {
			isa = XCBuildConfiguration;
			buildSettings = {
				ALWAYS_SEARCH_USER_PATHS = NO;
				CLANG_CXX_LANGUAGE_STANDARD = "gnu++0x";
				CLANG_CXX_LIBRARY = "libc++";
				CLANG_ENABLE_MODULES = YES;
				CLANG_ENABLE_OBJC_ARC = YES;
				CLANG_WARN_BOOL_CONVERSION = YES;
				CLANG_WARN_CONSTANT_CONVERSION = YES;
				CLANG_WARN_DIRECT_OBJC_ISA_USAGE = YES_ERROR;
				CLANG_WARN_EMPTY_BODY = YES;
				CLANG_WARN_ENUM_CONVERSION = YES;
				CLANG_WARN_INT_CONVERSION = YES;
				CLANG_WARN_OBJC_ROOT_CLASS = YES_ERROR;
				CLANG_WARN_UNREACHABLE_CODE = YES;
				CLANG_WARN__DUPLICATE_METHOD_MATCH = YES;
				"CODE_SIGN_IDENTITY[sdk=iphoneos*]" = "iPhone Developer";
				COPY_PHASE_STRIP = NO;
				DEBUG_INFORMATION_FORMAT = dwarf;
				ENABLE_STRICT_OBJC_MSGSEND = YES;
				ENABLE_TESTABILITY = YES;
				GCC_C_LANGUAGE_STANDARD = gnu99;
				GCC_DYNAMIC_NO_PIC = NO;
				GCC_NO_COMMON_BLOCKS = YES;
				GCC_OPTIMIZATION_LEVEL = 0;
				GCC_PREPROCESSOR_DEFINITIONS = (
					"DEBUG=1",
					"$(inherited)",
				);
				GCC_WARN_64_TO_32_BIT_CONVERSION = YES;
				GCC_WARN_ABOUT_RETURN_TYPE = YES_ERROR;
				GCC_WARN_UNDECLARED_SELECTOR = YES;
				GCC_WARN_UNINITIALIZED_AUTOS = YES_AGGRESSIVE;
				GCC_WARN_UNUSED_FUNCTION = YES;
				GCC_WARN_UNUSED_VARIABLE = YES;
				IPHONEOS_DEPLOYMENT_TARGET = 9.2;
				MTL_ENABLE_DEBUG_INFO = YES;
				ONLY_ACTIVE_ARCH = YES;
				SDKROOT = iphoneos;
				SWIFT_OPTIMIZATION_LEVEL = "-Onone";
				TARGETED_DEVICE_FAMILY = "1,2";
			};
			name = Debug;
		};
		83A98FF21C24CF0000E2E2A3 /* Release */ = {
			isa = XCBuildConfiguration;
			buildSettings = {
				ALWAYS_SEARCH_USER_PATHS = NO;
				CLANG_CXX_LANGUAGE_STANDARD = "gnu++0x";
				CLANG_CXX_LIBRARY = "libc++";
				CLANG_ENABLE_MODULES = YES;
				CLANG_ENABLE_OBJC_ARC = YES;
				CLANG_WARN_BOOL_CONVERSION = YES;
				CLANG_WARN_CONSTANT_CONVERSION = YES;
				CLANG_WARN_DIRECT_OBJC_ISA_USAGE = YES_ERROR;
				CLANG_WARN_EMPTY_BODY = YES;
				CLANG_WARN_ENUM_CONVERSION = YES;
				CLANG_WARN_INT_CONVERSION = YES;
				CLANG_WARN_OBJC_ROOT_CLASS = YES_ERROR;
				CLANG_WARN_UNREACHABLE_CODE = YES;
				CLANG_WARN__DUPLICATE_METHOD_MATCH = YES;
				"CODE_SIGN_IDENTITY[sdk=iphoneos*]" = "iPhone Developer";
				COPY_PHASE_STRIP = NO;
				DEBUG_INFORMATION_FORMAT = "dwarf-with-dsym";
				ENABLE_NS_ASSERTIONS = NO;
				ENABLE_STRICT_OBJC_MSGSEND = YES;
				GCC_C_LANGUAGE_STANDARD = gnu99;
				GCC_NO_COMMON_BLOCKS = YES;
				GCC_WARN_64_TO_32_BIT_CONVERSION = YES;
				GCC_WARN_ABOUT_RETURN_TYPE = YES_ERROR;
				GCC_WARN_UNDECLARED_SELECTOR = YES;
				GCC_WARN_UNINITIALIZED_AUTOS = YES_AGGRESSIVE;
				GCC_WARN_UNUSED_FUNCTION = YES;
				GCC_WARN_UNUSED_VARIABLE = YES;
				IPHONEOS_DEPLOYMENT_TARGET = 9.2;
				MTL_ENABLE_DEBUG_INFO = NO;
				SDKROOT = iphoneos;
				TARGETED_DEVICE_FAMILY = "1,2";
				VALIDATE_PRODUCT = YES;
			};
			name = Release;
		};
		83A98FF41C24CF0000E2E2A3 /* Debug */ = {
			isa = XCBuildConfiguration;
			buildSettings = {
				ASSETCATALOG_COMPILER_APPICON_NAME = AppIcon;
				INFOPLIST_FILE = Pokedex/Info.plist;
				LD_RUNPATH_SEARCH_PATHS = "$(inherited) @executable_path/Frameworks";
				PRODUCT_BUNDLE_IDENTIFIER = com.CJHarrison.Pokedex;
				PRODUCT_NAME = "$(TARGET_NAME)";
			};
			name = Debug;
		};
		83A98FF51C24CF0000E2E2A3 /* Release */ = {
			isa = XCBuildConfiguration;
			buildSettings = {
				ASSETCATALOG_COMPILER_APPICON_NAME = AppIcon;
				INFOPLIST_FILE = Pokedex/Info.plist;
				LD_RUNPATH_SEARCH_PATHS = "$(inherited) @executable_path/Frameworks";
				PRODUCT_BUNDLE_IDENTIFIER = com.CJHarrison.Pokedex;
				PRODUCT_NAME = "$(TARGET_NAME)";
			};
			name = Release;
		};
		83A98FF71C24CF0000E2E2A3 /* Debug */ = {
			isa = XCBuildConfiguration;
			buildSettings = {
				BUNDLE_LOADER = "$(TEST_HOST)";
				INFOPLIST_FILE = PokedexTests/Info.plist;
				LD_RUNPATH_SEARCH_PATHS = "$(inherited) @executable_path/Frameworks @loader_path/Frameworks";
				PRODUCT_BUNDLE_IDENTIFIER = com.CJHarrison.PokedexTests;
				PRODUCT_NAME = "$(TARGET_NAME)";
				TEST_HOST = "$(BUILT_PRODUCTS_DIR)/Pokedex.app/Pokedex";
			};
			name = Debug;
		};
		83A98FF81C24CF0000E2E2A3 /* Release */ = {
			isa = XCBuildConfiguration;
			buildSettings = {
				BUNDLE_LOADER = "$(TEST_HOST)";
				INFOPLIST_FILE = PokedexTests/Info.plist;
				LD_RUNPATH_SEARCH_PATHS = "$(inherited) @executable_path/Frameworks @loader_path/Frameworks";
				PRODUCT_BUNDLE_IDENTIFIER = com.CJHarrison.PokedexTests;
				PRODUCT_NAME = "$(TARGET_NAME)";
				TEST_HOST = "$(BUILT_PRODUCTS_DIR)/Pokedex.app/Pokedex";
			};
			name = Release;
		};
		83A98FFA1C24CF0000E2E2A3 /* Debug */ = {
			isa = XCBuildConfiguration;
			buildSettings = {
				INFOPLIST_FILE = PokedexUITests/Info.plist;
				LD_RUNPATH_SEARCH_PATHS = "$(inherited) @executable_path/Frameworks @loader_path/Frameworks";
				PRODUCT_BUNDLE_IDENTIFIER = com.CJHarrison.PokedexUITests;
				PRODUCT_NAME = "$(TARGET_NAME)";
				TEST_TARGET_NAME = Pokedex;
				USES_XCTRUNNER = YES;
			};
			name = Debug;
		};
		83A98FFB1C24CF0000E2E2A3 /* Release */ = {
			isa = XCBuildConfiguration;
			buildSettings = {
				INFOPLIST_FILE = PokedexUITests/Info.plist;
				LD_RUNPATH_SEARCH_PATHS = "$(inherited) @executable_path/Frameworks @loader_path/Frameworks";
				PRODUCT_BUNDLE_IDENTIFIER = com.CJHarrison.PokedexUITests;
				PRODUCT_NAME = "$(TARGET_NAME)";
				TEST_TARGET_NAME = Pokedex;
				USES_XCTRUNNER = YES;
			};
			name = Release;
		};
/* End XCBuildConfiguration section */

/* Begin XCConfigurationList section */
		83A98FC31C24CF0000E2E2A3 /* Build configuration list for PBXProject "Pokedex" */ = {
			isa = XCConfigurationList;
			buildConfigurations = (
				83A98FF11C24CF0000E2E2A3 /* Debug */,
				83A98FF21C24CF0000E2E2A3 /* Release */,
			);
			defaultConfigurationIsVisible = 0;
			defaultConfigurationName = Release;
		};
		83A98FF31C24CF0000E2E2A3 /* Build configuration list for PBXNativeTarget "Pokedex" */ = {
			isa = XCConfigurationList;
			buildConfigurations = (
				83A98FF41C24CF0000E2E2A3 /* Debug */,
				83A98FF51C24CF0000E2E2A3 /* Release */,
			);
			defaultConfigurationIsVisible = 0;
		};
		83A98FF61C24CF0000E2E2A3 /* Build configuration list for PBXNativeTarget "PokedexTests" */ = {
			isa = XCConfigurationList;
			buildConfigurations = (
				83A98FF71C24CF0000E2E2A3 /* Debug */,
				83A98FF81C24CF0000E2E2A3 /* Release */,
			);
			defaultConfigurationIsVisible = 0;
		};
		83A98FF91C24CF0000E2E2A3 /* Build configuration list for PBXNativeTarget "PokedexUITests" */ = {
			isa = XCConfigurationList;
			buildConfigurations = (
				83A98FFA1C24CF0000E2E2A3 /* Debug */,
				83A98FFB1C24CF0000E2E2A3 /* Release */,
			);
			defaultConfigurationIsVisible = 0;
		};
/* End XCConfigurationList section */

/* Begin XCVersionGroup section */
		83A98FD21C24CF0000E2E2A3 /* Pokedex.xcdatamodeld */ = {
			isa = XCVersionGroup;
			children = (
				83A98FD31C24CF0000E2E2A3 /* Pokedex.xcdatamodel */,
			);
			currentVersion = 83A98FD31C24CF0000E2E2A3 /* Pokedex.xcdatamodel */;
			path = Pokedex.xcdatamodeld;
			sourceTree = "<group>";
			versionGroupType = wrapper.xcdatamodel;
		};
/* End XCVersionGroup section */
	};
	rootObject = 83A98FC01C24CF0000E2E2A3 /* Project object */;
}
